
Microsoft Visual Studio Solution File, Format Version 12.00
# Visual Studio Version 17
VisualStudioVersion = 17.7.34031.279
MinimumVisualStudioVersion = 10.0.40219.1
Project("{9A19103F-16F7-4668-BE54-9A1E7A4F7556}") = "WebGallery.Api", "WebGallery.Api.csproj", "{A80F6DBD-9A91-4874-9A19-A8157C849E62}"
	ProjectSection(ProjectDependencies) = postProject
		{639C3CDF-EC60-4340-BA12-437B2766FC02} = {639C3CDF-EC60-4340-BA12-437B2766FC02}
		{A8D82F46-CE31-4D3C-8290-93018E64E857} = {A8D82F46-CE31-4D3C-8290-93018E64E857}
	EndProjectSection
EndProject
Project("{9A19103F-16F7-4668-BE54-9A1E7A4F7556}") = "WebGallery.Data", "..\WebGallery.Data\WebGallery.Data.csproj", "{639C3CDF-EC60-4340-BA12-437B2766FC02}"
EndProject
Project("{9A19103F-16F7-4668-BE54-9A1E7A4F7556}") = "WebGallery.Core", "..\WebGallery.Core\WebGallery.Core.csproj", "{A8D82F46-CE31-4D3C-8290-93018E64E857}"
	ProjectSection(ProjectDependencies) = postProject
		{639C3CDF-EC60-4340-BA12-437B2766FC02} = {639C3CDF-EC60-4340-BA12-437B2766FC02}
	EndProjectSection
EndProject
Project("{9A19103F-16F7-4668-BE54-9A1E7A4F7556}") = "WebGallery.Shared.AWS", "..\WebGallery.Shared.AWS\WebGallery.Shared.AWS.csproj", "{06E9C32C-126B-4227-82E3-D4B67BE0ED51}"
EndProject
Project("{9A19103F-16F7-4668-BE54-9A1E7A4F7556}") = "WebGallery.Api.Test", "..\WebGallery.Api.Test\WebGallery.Api.Test.csproj", "{02F646C9-4B32-4802-9831-4D75354FC5B4}"
EndProject
Global
	GlobalSection(SolutionConfigurationPlatforms) = preSolution
		Debug|Any CPU = Debug|Any CPU
		Release|Any CPU = Release|Any CPU
	EndGlobalSection
	GlobalSection(ProjectConfigurationPlatforms) = postSolution
		{A80F6DBD-9A91-4874-9A19-A8157C849E62}.Debug|Any CPU.ActiveCfg = Debug|Any CPU
		{A80F6DBD-9A91-4874-9A19-A8157C849E62}.Debug|Any CPU.Build.0 = Debug|Any CPU
		{A80F6DBD-9A91-4874-9A19-A8157C849E62}.Release|Any CPU.ActiveCfg = Release|Any CPU
		{A80F6DBD-9A91-4874-9A19-A8157C849E62}.Release|Any CPU.Build.0 = Release|Any CPU
		{639C3CDF-EC60-4340-BA12-437B2766FC02}.Debug|Any CPU.ActiveCfg = Debug|Any CPU
		{639C3CDF-EC60-4340-BA12-437B2766FC02}.Debug|Any CPU.Build.0 = Debug|Any CPU
		{639C3CDF-EC60-4340-BA12-437B2766FC02}.Release|Any CPU.ActiveCfg = Release|Any CPU
		{639C3CDF-EC60-4340-BA12-437B2766FC02}.Release|Any CPU.Build.0 = Release|Any CPU
		{A8D82F46-CE31-4D3C-8290-93018E64E857}.Debug|Any CPU.ActiveCfg = Debug|Any CPU
		{A8D82F46-CE31-4D3C-8290-93018E64E857}.Debug|Any CPU.Build.0 = Debug|Any CPU
		{A8D82F46-CE31-4D3C-8290-93018E64E857}.Release|Any CPU.ActiveCfg = Release|Any CPU
		{A8D82F46-CE31-4D3C-8290-93018E64E857}.Release|Any CPU.Build.0 = Release|Any CPU
		{06E9C32C-126B-4227-82E3-D4B67BE0ED51}.Debug|Any CPU.ActiveCfg = Debug|Any CPU
		{06E9C32C-126B-4227-82E3-D4B67BE0ED51}.Debug|Any CPU.Build.0 = Debug|Any CPU
		{06E9C32C-126B-4227-82E3-D4B67BE0ED51}.Release|Any CPU.ActiveCfg = Release|Any CPU
		{06E9C32C-126B-4227-82E3-D4B67BE0ED51}.Release|Any CPU.Build.0 = Release|Any CPU
		{02F646C9-4B32-4802-9831-4D75354FC5B4}.Debug|Any CPU.ActiveCfg = Debug|Any CPU
		{02F646C9-4B32-4802-9831-4D75354FC5B4}.Debug|Any CPU.Build.0 = Debug|Any CPU
		{02F646C9-4B32-4802-9831-4D75354FC5B4}.Release|Any CPU.ActiveCfg = Release|Any CPU
		{02F646C9-4B32-4802-9831-4D75354FC5B4}.Release|Any CPU.Build.0 = Release|Any CPU
	EndGlobalSection
	GlobalSection(SolutionProperties) = preSolution
		HideSolutionNode = FALSE
	EndGlobalSection
	GlobalSection(ExtensibilityGlobals) = postSolution
		SolutionGuid = {E30C9607-1D02-41CE-9531-2C72114DDA24}
	EndGlobalSection
EndGlobal
